
Microsoft Visual Studio Solution File, Format Version 12.00
# Visual Studio Version 17
VisualStudioVersion = 17.1.32228.430
MinimumVisualStudioVersion = 10.0.40219.1
Project("{9A19103F-16F7-4668-BE54-9A1E7A4F7556}") = "Lw.API", "Lw.API\Lw.API.csproj", "{2877CA64-015B-428F-816B-48D502DE7FC1}"
EndProject
Project("{FAE04EC0-301F-11D3-BF4B-00C04F79EFBC}") = "Lw.Service", "Lw.Service\Lw.Service\Lw.Service.csproj", "{DAC0411F-1F99-4B66-8290-6DBA28AA660B}"
EndProject
Global
	GlobalSection(SolutionConfigurationPlatforms) = preSolution
		Debug|Any CPU = Debug|Any CPU
		Release|Any CPU = Release|Any CPU
	EndGlobalSection
	GlobalSection(ProjectConfigurationPlatforms) = postSolution
		{2877CA64-015B-428F-816B-48D502DE7FC1}.Debug|Any CPU.ActiveCfg = Debug|Any CPU
		{2877CA64-015B-428F-816B-48D502DE7FC1}.Debug|Any CPU.Build.0 = Debug|Any CPU
		{2877CA64-015B-428F-816B-48D502DE7FC1}.Release|Any CPU.ActiveCfg = Release|Any CPU
		{2877CA64-015B-428F-816B-48D502DE7FC1}.Release|Any CPU.Build.0 = Release|Any CPU
		{DAC0411F-1F99-4B66-8290-6DBA28AA660B}.Debug|Any CPU.ActiveCfg = Debug|Any CPU
		{DAC0411F-1F99-4B66-8290-6DBA28AA660B}.Debug|Any CPU.Build.0 = Debug|Any CPU
		{DAC0411F-1F99-4B66-8290-6DBA28AA660B}.Release|Any CPU.ActiveCfg = Release|Any CPU
		{DAC0411F-1F99-4B66-8290-6DBA28AA660B}.Release|Any CPU.Build.0 = Release|Any CPU
	EndGlobalSection
	GlobalSection(SolutionProperties) = preSolution
		HideSolutionNode = FALSE
	EndGlobalSection
	GlobalSection(ExtensibilityGlobals) = postSolution
		SolutionGuid = {C9F22C3F-FD83-44FD-82E0-C997E6B337E6}
	EndGlobalSection
EndGlobal
